// !$*UTF8*$!
{
	archiveVersion = 1;
	classes = {
	};
	objectVersion = 56;
	objects = {

/* Begin PBXBuildFile section */
		D20309F9291F7B8E00DF8055 /* Success_Animation.json in Resources */ = {isa = PBXBuildFile; fileRef = D20309F7291F7B8E00DF8055 /* Success_Animation.json */; };
		D20309FA291F7B8E00DF8055 /* Fail_Animation.json in Resources */ = {isa = PBXBuildFile; fileRef = D20309F8291F7B8E00DF8055 /* Fail_Animation.json */; };
		D20309FD291F7D9400DF8055 /* FirebaseDynamicLinks in Frameworks */ = {isa = PBXBuildFile; productRef = D20309FC291F7D9400DF8055 /* FirebaseDynamicLinks */; };
		D20309FF291F7D9400DF8055 /* FirebaseFirestore in Frameworks */ = {isa = PBXBuildFile; productRef = D20309FE291F7D9400DF8055 /* FirebaseFirestore */; };
		D2030A01291F7D9400DF8055 /* FirebaseStorage in Frameworks */ = {isa = PBXBuildFile; productRef = D2030A00291F7D9400DF8055 /* FirebaseStorage */; };
		D2030A04291F7EF800DF8055 /* Lottie in Frameworks */ = {isa = PBXBuildFile; productRef = D2030A03291F7EF800DF8055 /* Lottie */; };
		D2D016F0291FB47C0071F3DC /* PhotoModelDataManager.swift in Sources */ = {isa = PBXBuildFile; fileRef = D2D016EF291FB47C0071F3DC /* PhotoModelDataManager.swift */; };
		D2D016F4291FBAC90071F3DC /* PhotoRoomViewModel.swift in Sources */ = {isa = PBXBuildFile; fileRef = D2D016F3291FBAC90071F3DC /* PhotoRoomViewModel.swift */; };
		D2D016FC291FC4EE0071F3DC /* PhotoRoomDataManager.swift in Sources */ = {isa = PBXBuildFile; fileRef = D2D016FB291FC4EE0071F3DC /* PhotoRoomDataManager.swift */; };
		D2D016FE2921372E0071F3DC /* PhotoRoomSearchModel.swift in Sources */ = {isa = PBXBuildFile; fileRef = D2D016FD2921372E0071F3DC /* PhotoRoomSearchModel.swift */; };
		D2D2A17B291D43C2001EC7F9 /* AppDelegate.swift in Sources */ = {isa = PBXBuildFile; fileRef = D2D2A17A291D43C2001EC7F9 /* AppDelegate.swift */; };
		D2D2A17D291D43C2001EC7F9 /* SceneDelegate.swift in Sources */ = {isa = PBXBuildFile; fileRef = D2D2A17C291D43C2001EC7F9 /* SceneDelegate.swift */; };
		D2D2A184291D43C3001EC7F9 /* Assets.xcassets in Resources */ = {isa = PBXBuildFile; fileRef = D2D2A183291D43C3001EC7F9 /* Assets.xcassets */; };
		D2D2A187291D43C3001EC7F9 /* LaunchScreen.storyboard in Resources */ = {isa = PBXBuildFile; fileRef = D2D2A185291D43C3001EC7F9 /* LaunchScreen.storyboard */; };
		D2D2A195291D44B4001EC7F9 /* SearchViewController.swift in Sources */ = {isa = PBXBuildFile; fileRef = D2D2A194291D44B4001EC7F9 /* SearchViewController.swift */; };
		D2D2A19A291D44FE001EC7F9 /* PhotoRoomViewController.swift in Sources */ = {isa = PBXBuildFile; fileRef = D2D2A199291D44FE001EC7F9 /* PhotoRoomViewController.swift */; };
		D2D2A19C291D451B001EC7F9 /* PhotoHistoryViewController.swift in Sources */ = {isa = PBXBuildFile; fileRef = D2D2A19B291D451B001EC7F9 /* PhotoHistoryViewController.swift */; };
		D2D2A1A5291D4827001EC7F9 /* GoogleService-Info.plist in Resources */ = {isa = PBXBuildFile; fileRef = D2D2A1A4291D4827001EC7F9 /* GoogleService-Info.plist */; };
		D2D2A1A8291D49A8001EC7F9 /* CombineCocoa in Frameworks */ = {isa = PBXBuildFile; productRef = D2D2A1A7291D49A8001EC7F9 /* CombineCocoa */; };
		D2D2A1AA291D49DC001EC7F9 /* PhotoModel.swift in Sources */ = {isa = PBXBuildFile; fileRef = D2D2A1A9291D49DC001EC7F9 /* PhotoModel.swift */; };
		D2D2A1AC291D4A5A001EC7F9 /* PhotoRoomModel.swift in Sources */ = {isa = PBXBuildFile; fileRef = D2D2A1AB291D4A5A001EC7F9 /* PhotoRoomModel.swift */; };
		D2D2A1B0291D4B81001EC7F9 /* PhotoRoomsSearchDataManager.swift in Sources */ = {isa = PBXBuildFile; fileRef = D2D2A1AF291D4B81001EC7F9 /* PhotoRoomsSearchDataManager.swift */; };
		D2D2A1B2291D4B86001EC7F9 /* NSCacheManager.swift in Sources */ = {isa = PBXBuildFile; fileRef = D2D2A1B1291D4B86001EC7F9 /* NSCacheManager.swift */; };
		D2D2A1B6291D4BB7001EC7F9 /* LocalFileManager.swift in Sources */ = {isa = PBXBuildFile; fileRef = D2D2A1B5291D4BB7001EC7F9 /* LocalFileManager.swift */; };
		D2D2A1B8291D4BD8001EC7F9 /* SettingViewController.swift in Sources */ = {isa = PBXBuildFile; fileRef = D2D2A1B7291D4BD8001EC7F9 /* SettingViewController.swift */; };
		D2D2A1BA291D4F7A001EC7F9 /* SearchCollectionViewCell.swift in Sources */ = {isa = PBXBuildFile; fileRef = D2D2A1B9291D4F7A001EC7F9 /* SearchCollectionViewCell.swift */; };
		D2D2A1BC291D5144001EC7F9 /* SearchViewModel.swift in Sources */ = {isa = PBXBuildFile; fileRef = D2D2A1BB291D5144001EC7F9 /* SearchViewModel.swift */; };
		D2D2A1C6291D6B45001EC7F9 /* NetwokringManager.swift in Sources */ = {isa = PBXBuildFile; fileRef = D2D2A1C5291D6B45001EC7F9 /* NetwokringManager.swift */; };
		D2D2A1C8291D6D41001EC7F9 /* PhotoTemplateSelectViewController.swift in Sources */ = {isa = PBXBuildFile; fileRef = D2D2A1C7291D6D41001EC7F9 /* PhotoTemplateSelectViewController.swift */; };
		D2D2A1CA291D6E00001EC7F9 /* PhotoGridSelectViewController.swift in Sources */ = {isa = PBXBuildFile; fileRef = D2D2A1C9291D6E00001EC7F9 /* PhotoGridSelectViewController.swift */; };
		D2D2A1D0291D6F2F001EC7F9 /* PhotoTemplateCollectionViewCell.swift in Sources */ = {isa = PBXBuildFile; fileRef = D2D2A1CF291D6F2F001EC7F9 /* PhotoTemplateCollectionViewCell.swift */; };
		D2D2A1D2291D6FEE001EC7F9 /* PhotoCollectionViewCell.swift in Sources */ = {isa = PBXBuildFile; fileRef = D2D2A1D1291D6FEE001EC7F9 /* PhotoCollectionViewCell.swift */; };
		D2D2A1D4291D7015001EC7F9 /* DynamicLinkManager.swift in Sources */ = {isa = PBXBuildFile; fileRef = D2D2A1D3291D7015001EC7F9 /* DynamicLinkManager.swift */; };
		D2D2A1D6291D71D3001EC7F9 /* PhotoHistoryCollectionViewCell.swift in Sources */ = {isa = PBXBuildFile; fileRef = D2D2A1D5291D71D3001EC7F9 /* PhotoHistoryCollectionViewCell.swift */; };
		D2D2A1D9291DD9C1001EC7F9 /* Color+Extensions.swift in Sources */ = {isa = PBXBuildFile; fileRef = D2D2A1D8291DD9C1001EC7F9 /* Color+Extensions.swift */; };
		D2D2A1DF291E0BD2001EC7F9 /* StorageManager.swift in Sources */ = {isa = PBXBuildFile; fileRef = D2D2A1DE291E0BD2001EC7F9 /* StorageManager.swift */; };
		D2D2A1E1291E13E3001EC7F9 /* UserDefautlsManager.swift in Sources */ = {isa = PBXBuildFile; fileRef = D2D2A1E0291E13E3001EC7F9 /* UserDefautlsManager.swift */; };
		D2D2A1EB291E693B001EC7F9 /* Encodable+Extensions.swift in Sources */ = {isa = PBXBuildFile; fileRef = D2D2A1EA291E693B001EC7F9 /* Encodable+Extensions.swift */; };
		D2D2A1ED291E6948001EC7F9 /* Decodable+Extensions.swift in Sources */ = {isa = PBXBuildFile; fileRef = D2D2A1EC291E6948001EC7F9 /* Decodable+Extensions.swift */; };
		D2D2A1EF291E723E001EC7F9 /* DateFormatter+Extensions.swift in Sources */ = {isa = PBXBuildFile; fileRef = D2D2A1EE291E723E001EC7F9 /* DateFormatter+Extensions.swift */; };
		D2D2A1F1291E72D7001EC7F9 /* String+Extensions.swift in Sources */ = {isa = PBXBuildFile; fileRef = D2D2A1F0291E72D7001EC7F9 /* String+Extensions.swift */; };
		D2D2A1F3291E72E0001EC7F9 /* Date+Extensions.swift in Sources */ = {isa = PBXBuildFile; fileRef = D2D2A1F2291E72E0001EC7F9 /* Date+Extensions.swift */; };
		D2D2A1F5291E9898001EC7F9 /* PhotoHistoryViewModel.swift in Sources */ = {isa = PBXBuildFile; fileRef = D2D2A1F4291E9898001EC7F9 /* PhotoHistoryViewModel.swift */; };
		D2DEF4C3291F6EEC00D6E5B8 /* PasswordViewController.swift in Sources */ = {isa = PBXBuildFile; fileRef = D2DEF4C2291F6EEC00D6E5B8 /* PasswordViewController.swift */; };
/* End PBXBuildFile section */

/* Begin PBXFileReference section */
		D20309F7291F7B8E00DF8055 /* Success_Animation.json */ = {isa = PBXFileReference; fileEncoding = 4; lastKnownFileType = text.json; path = Success_Animation.json; sourceTree = "<group>"; };
		D20309F8291F7B8E00DF8055 /* Fail_Animation.json */ = {isa = PBXFileReference; fileEncoding = 4; lastKnownFileType = text.json; path = Fail_Animation.json; sourceTree = "<group>"; };
		D2D016EF291FB47C0071F3DC /* PhotoModelDataManager.swift */ = {isa = PBXFileReference; lastKnownFileType = sourcecode.swift; path = PhotoModelDataManager.swift; sourceTree = "<group>"; };
		D2D016F3291FBAC90071F3DC /* PhotoRoomViewModel.swift */ = {isa = PBXFileReference; lastKnownFileType = sourcecode.swift; path = PhotoRoomViewModel.swift; sourceTree = "<group>"; };
		D2D016FB291FC4EE0071F3DC /* PhotoRoomDataManager.swift */ = {isa = PBXFileReference; lastKnownFileType = sourcecode.swift; path = PhotoRoomDataManager.swift; sourceTree = "<group>"; };
		D2D016FD2921372E0071F3DC /* PhotoRoomSearchModel.swift */ = {isa = PBXFileReference; lastKnownFileType = sourcecode.swift; path = PhotoRoomSearchModel.swift; sourceTree = "<group>"; };
		D2D2A177291D43C2001EC7F9 /* PuzzlePic.app */ = {isa = PBXFileReference; explicitFileType = wrapper.application; includeInIndex = 0; path = PuzzlePic.app; sourceTree = BUILT_PRODUCTS_DIR; };
		D2D2A17A291D43C2001EC7F9 /* AppDelegate.swift */ = {isa = PBXFileReference; lastKnownFileType = sourcecode.swift; path = AppDelegate.swift; sourceTree = "<group>"; };
		D2D2A17C291D43C2001EC7F9 /* SceneDelegate.swift */ = {isa = PBXFileReference; lastKnownFileType = sourcecode.swift; path = SceneDelegate.swift; sourceTree = "<group>"; };
		D2D2A183291D43C3001EC7F9 /* Assets.xcassets */ = {isa = PBXFileReference; lastKnownFileType = folder.assetcatalog; path = Assets.xcassets; sourceTree = "<group>"; };
		D2D2A186291D43C3001EC7F9 /* Base */ = {isa = PBXFileReference; lastKnownFileType = file.storyboard; name = Base; path = Base.lproj/LaunchScreen.storyboard; sourceTree = "<group>"; };
		D2D2A188291D43C3001EC7F9 /* Info.plist */ = {isa = PBXFileReference; lastKnownFileType = text.plist.xml; path = Info.plist; sourceTree = "<group>"; };
		D2D2A194291D44B4001EC7F9 /* SearchViewController.swift */ = {isa = PBXFileReference; lastKnownFileType = sourcecode.swift; path = SearchViewController.swift; sourceTree = "<group>"; };
		D2D2A199291D44FE001EC7F9 /* PhotoRoomViewController.swift */ = {isa = PBXFileReference; lastKnownFileType = sourcecode.swift; path = PhotoRoomViewController.swift; sourceTree = "<group>"; };
		D2D2A19B291D451B001EC7F9 /* PhotoHistoryViewController.swift */ = {isa = PBXFileReference; lastKnownFileType = sourcecode.swift; path = PhotoHistoryViewController.swift; sourceTree = "<group>"; };
		D2D2A1A4291D4827001EC7F9 /* GoogleService-Info.plist */ = {isa = PBXFileReference; fileEncoding = 4; lastKnownFileType = text.plist.xml; path = "GoogleService-Info.plist"; sourceTree = "<group>"; };
		D2D2A1A9291D49DC001EC7F9 /* PhotoModel.swift */ = {isa = PBXFileReference; lastKnownFileType = sourcecode.swift; path = PhotoModel.swift; sourceTree = "<group>"; };
		D2D2A1AB291D4A5A001EC7F9 /* PhotoRoomModel.swift */ = {isa = PBXFileReference; lastKnownFileType = sourcecode.swift; path = PhotoRoomModel.swift; sourceTree = "<group>"; };
		D2D2A1AF291D4B81001EC7F9 /* PhotoRoomsSearchDataManager.swift */ = {isa = PBXFileReference; lastKnownFileType = sourcecode.swift; path = PhotoRoomsSearchDataManager.swift; sourceTree = "<group>"; };
		D2D2A1B1291D4B86001EC7F9 /* NSCacheManager.swift */ = {isa = PBXFileReference; lastKnownFileType = sourcecode.swift; path = NSCacheManager.swift; sourceTree = "<group>"; };
		D2D2A1B5291D4BB7001EC7F9 /* LocalFileManager.swift */ = {isa = PBXFileReference; lastKnownFileType = sourcecode.swift; path = LocalFileManager.swift; sourceTree = "<group>"; };
		D2D2A1B7291D4BD8001EC7F9 /* SettingViewController.swift */ = {isa = PBXFileReference; lastKnownFileType = sourcecode.swift; path = SettingViewController.swift; sourceTree = "<group>"; };
		D2D2A1B9291D4F7A001EC7F9 /* SearchCollectionViewCell.swift */ = {isa = PBXFileReference; lastKnownFileType = sourcecode.swift; path = SearchCollectionViewCell.swift; sourceTree = "<group>"; };
		D2D2A1BB291D5144001EC7F9 /* SearchViewModel.swift */ = {isa = PBXFileReference; lastKnownFileType = sourcecode.swift; path = SearchViewModel.swift; sourceTree = "<group>"; };
		D2D2A1C5291D6B45001EC7F9 /* NetwokringManager.swift */ = {isa = PBXFileReference; lastKnownFileType = sourcecode.swift; path = NetwokringManager.swift; sourceTree = "<group>"; };
		D2D2A1C7291D6D41001EC7F9 /* PhotoTemplateSelectViewController.swift */ = {isa = PBXFileReference; lastKnownFileType = sourcecode.swift; path = PhotoTemplateSelectViewController.swift; sourceTree = "<group>"; };
		D2D2A1C9291D6E00001EC7F9 /* PhotoGridSelectViewController.swift */ = {isa = PBXFileReference; lastKnownFileType = sourcecode.swift; path = PhotoGridSelectViewController.swift; sourceTree = "<group>"; };
		D2D2A1CF291D6F2F001EC7F9 /* PhotoTemplateCollectionViewCell.swift */ = {isa = PBXFileReference; lastKnownFileType = sourcecode.swift; path = PhotoTemplateCollectionViewCell.swift; sourceTree = "<group>"; };
		D2D2A1D1291D6FEE001EC7F9 /* PhotoCollectionViewCell.swift */ = {isa = PBXFileReference; lastKnownFileType = sourcecode.swift; path = PhotoCollectionViewCell.swift; sourceTree = "<group>"; };
		D2D2A1D3291D7015001EC7F9 /* DynamicLinkManager.swift */ = {isa = PBXFileReference; lastKnownFileType = sourcecode.swift; path = DynamicLinkManager.swift; sourceTree = "<group>"; };
		D2D2A1D5291D71D3001EC7F9 /* PhotoHistoryCollectionViewCell.swift */ = {isa = PBXFileReference; lastKnownFileType = sourcecode.swift; path = PhotoHistoryCollectionViewCell.swift; sourceTree = "<group>"; };
		D2D2A1D8291DD9C1001EC7F9 /* Color+Extensions.swift */ = {isa = PBXFileReference; lastKnownFileType = sourcecode.swift; path = "Color+Extensions.swift"; sourceTree = "<group>"; };
		D2D2A1DE291E0BD2001EC7F9 /* StorageManager.swift */ = {isa = PBXFileReference; lastKnownFileType = sourcecode.swift; path = StorageManager.swift; sourceTree = "<group>"; };
		D2D2A1E0291E13E3001EC7F9 /* UserDefautlsManager.swift */ = {isa = PBXFileReference; lastKnownFileType = sourcecode.swift; path = UserDefautlsManager.swift; sourceTree = "<group>"; };
		D2D2A1EA291E693B001EC7F9 /* Encodable+Extensions.swift */ = {isa = PBXFileReference; lastKnownFileType = sourcecode.swift; path = "Encodable+Extensions.swift"; sourceTree = "<group>"; };
		D2D2A1EC291E6948001EC7F9 /* Decodable+Extensions.swift */ = {isa = PBXFileReference; lastKnownFileType = sourcecode.swift; path = "Decodable+Extensions.swift"; sourceTree = "<group>"; };
		D2D2A1EE291E723E001EC7F9 /* DateFormatter+Extensions.swift */ = {isa = PBXFileReference; lastKnownFileType = sourcecode.swift; path = "DateFormatter+Extensions.swift"; sourceTree = "<group>"; };
		D2D2A1F0291E72D7001EC7F9 /* String+Extensions.swift */ = {isa = PBXFileReference; lastKnownFileType = sourcecode.swift; path = "String+Extensions.swift"; sourceTree = "<group>"; };
		D2D2A1F2291E72E0001EC7F9 /* Date+Extensions.swift */ = {isa = PBXFileReference; lastKnownFileType = sourcecode.swift; path = "Date+Extensions.swift"; sourceTree = "<group>"; };
		D2D2A1F4291E9898001EC7F9 /* PhotoHistoryViewModel.swift */ = {isa = PBXFileReference; lastKnownFileType = sourcecode.swift; path = PhotoHistoryViewModel.swift; sourceTree = "<group>"; };
		D2DEF4C2291F6EEC00D6E5B8 /* PasswordViewController.swift */ = {isa = PBXFileReference; lastKnownFileType = sourcecode.swift; path = PasswordViewController.swift; sourceTree = "<group>"; };
/* End PBXFileReference section */

/* Begin PBXFrameworksBuildPhase section */
		D2D2A174291D43C2001EC7F9 /* Frameworks */ = {
			isa = PBXFrameworksBuildPhase;
			buildActionMask = 2147483647;
			files = (
				D2030A04291F7EF800DF8055 /* Lottie in Frameworks */,
				D2D2A1A8291D49A8001EC7F9 /* CombineCocoa in Frameworks */,
				D2030A01291F7D9400DF8055 /* FirebaseStorage in Frameworks */,
				D20309FD291F7D9400DF8055 /* FirebaseDynamicLinks in Frameworks */,
				D20309FF291F7D9400DF8055 /* FirebaseFirestore in Frameworks */,
			);
			runOnlyForDeploymentPostprocessing = 0;
		};
/* End PBXFrameworksBuildPhase section */

/* Begin PBXGroup section */
		D2030A02291F7EF800DF8055 /* Frameworks */ = {
			isa = PBXGroup;
			children = (
			);
			name = Frameworks;
			sourceTree = "<group>";
		};
		D2D2A16E291D43C2001EC7F9 = {
			isa = PBXGroup;
			children = (
				D2D2A179291D43C2001EC7F9 /* PuzzlePic */,
				D2D2A178291D43C2001EC7F9 /* Products */,
				D2030A02291F7EF800DF8055 /* Frameworks */,
			);
			sourceTree = "<group>";
		};
		D2D2A178291D43C2001EC7F9 /* Products */ = {
			isa = PBXGroup;
			children = (
				D2D2A177291D43C2001EC7F9 /* PuzzlePic.app */,
			);
			name = Products;
			sourceTree = "<group>";
		};
		D2D2A179291D43C2001EC7F9 /* PuzzlePic */ = {
			isa = PBXGroup;
			children = (
				D2D2A1D7291DD9B8001EC7F9 /* Extensions */,
				D2D2A17A291D43C2001EC7F9 /* AppDelegate.swift */,
				D2D2A17C291D43C2001EC7F9 /* SceneDelegate.swift */,
				D2D2A193291D444F001EC7F9 /* ViewModels */,
				D2D2A192291D4448001EC7F9 /* Controllers */,
				D2D2A191291D4442001EC7F9 /* Utilities */,
				D2D2A190291D443D001EC7F9 /* Views */,
				D2D2A18F291D4438001EC7F9 /* Models */,
				D2D2A18E291D4433001EC7F9 /* Services */,
				D2D2A183291D43C3001EC7F9 /* Assets.xcassets */,
				D2D2A185291D43C3001EC7F9 /* LaunchScreen.storyboard */,
				D2D2A188291D43C3001EC7F9 /* Info.plist */,
				D2D2A1A4291D4827001EC7F9 /* GoogleService-Info.plist */,
			);
			path = PuzzlePic;
			sourceTree = "<group>";
		};
		D2D2A18E291D4433001EC7F9 /* Services */ = {
			isa = PBXGroup;
			children = (
				D2D2A1AF291D4B81001EC7F9 /* PhotoRoomsSearchDataManager.swift */,
				D2D016FB291FC4EE0071F3DC /* PhotoRoomDataManager.swift */,
				D2D016EF291FB47C0071F3DC /* PhotoModelDataManager.swift */,
				D2D2A1B1291D4B86001EC7F9 /* NSCacheManager.swift */,
				D2D2A1B5291D4BB7001EC7F9 /* LocalFileManager.swift */,
				D2D2A1DE291E0BD2001EC7F9 /* StorageManager.swift */,
				D2D2A1E0291E13E3001EC7F9 /* UserDefautlsManager.swift */,
			);
			path = Services;
			sourceTree = "<group>";
		};
		D2D2A18F291D4438001EC7F9 /* Models */ = {
			isa = PBXGroup;
			children = (
				D2D2A1A9291D49DC001EC7F9 /* PhotoModel.swift */,
				D2D2A1AB291D4A5A001EC7F9 /* PhotoRoomModel.swift */,
				D2D016FD2921372E0071F3DC /* PhotoRoomSearchModel.swift */,
			);
			path = Models;
			sourceTree = "<group>";
		};
		D2D2A190291D443D001EC7F9 /* Views */ = {
			isa = PBXGroup;
			children = (
				D20309F8291F7B8E00DF8055 /* Fail_Animation.json */,
				D20309F7291F7B8E00DF8055 /* Success_Animation.json */,
				D2D2A1B9291D4F7A001EC7F9 /* SearchCollectionViewCell.swift */,
				D2D2A1CF291D6F2F001EC7F9 /* PhotoTemplateCollectionViewCell.swift */,
				D2D2A1D1291D6FEE001EC7F9 /* PhotoCollectionViewCell.swift */,
				D2D2A1D5291D71D3001EC7F9 /* PhotoHistoryCollectionViewCell.swift */,
			);
			path = Views;
			sourceTree = "<group>";
		};
		D2D2A191291D4442001EC7F9 /* Utilities */ = {
			isa = PBXGroup;
			children = (
				D2D2A1C5291D6B45001EC7F9 /* NetwokringManager.swift */,
				D2D2A1D3291D7015001EC7F9 /* DynamicLinkManager.swift */,
			);
			path = Utilities;
			sourceTree = "<group>";
		};
		D2D2A192291D4448001EC7F9 /* Controllers */ = {
			isa = PBXGroup;
			children = (
				D2D2A1CB291D6E1D001EC7F9 /* Core */,
				D2D2A1CC291D6E2F001EC7F9 /* Other */,
			);
			path = Controllers;
			sourceTree = "<group>";
		};
		D2D2A193291D444F001EC7F9 /* ViewModels */ = {
			isa = PBXGroup;
			children = (
				D2D2A1BB291D5144001EC7F9 /* SearchViewModel.swift */,
				D2D2A1F4291E9898001EC7F9 /* PhotoHistoryViewModel.swift */,
				D2D016F3291FBAC90071F3DC /* PhotoRoomViewModel.swift */,
			);
			path = ViewModels;
			sourceTree = "<group>";
		};
		D2D2A1CB291D6E1D001EC7F9 /* Core */ = {
			isa = PBXGroup;
			children = (
				D2D2A19B291D451B001EC7F9 /* PhotoHistoryViewController.swift */,
			);
			path = Core;
			sourceTree = "<group>";
		};
		D2D2A1CC291D6E2F001EC7F9 /* Other */ = {
			isa = PBXGroup;
			children = (
				D2D2A194291D44B4001EC7F9 /* SearchViewController.swift */,
				D2D2A199291D44FE001EC7F9 /* PhotoRoomViewController.swift */,
				D2D2A1B7291D4BD8001EC7F9 /* SettingViewController.swift */,
				D2D2A1CE291D6E87001EC7F9 /* PhotoTemplate */,
				D2DEF4C2291F6EEC00D6E5B8 /* PasswordViewController.swift */,
			);
			path = Other;
			sourceTree = "<group>";
		};
		D2D2A1CE291D6E87001EC7F9 /* PhotoTemplate */ = {
			isa = PBXGroup;
			children = (
				D2D2A1C7291D6D41001EC7F9 /* PhotoTemplateSelectViewController.swift */,
				D2D2A1C9291D6E00001EC7F9 /* PhotoGridSelectViewController.swift */,
			);
			path = PhotoTemplate;
			sourceTree = "<group>";
		};
		D2D2A1D7291DD9B8001EC7F9 /* Extensions */ = {
			isa = PBXGroup;
			children = (
				D2D2A1D8291DD9C1001EC7F9 /* Color+Extensions.swift */,
				D2D2A1EA291E693B001EC7F9 /* Encodable+Extensions.swift */,
				D2D2A1EC291E6948001EC7F9 /* Decodable+Extensions.swift */,
				D2D2A1EE291E723E001EC7F9 /* DateFormatter+Extensions.swift */,
				D2D2A1F0291E72D7001EC7F9 /* String+Extensions.swift */,
				D2D2A1F2291E72E0001EC7F9 /* Date+Extensions.swift */,
			);
			path = Extensions;
			sourceTree = "<group>";
		};
/* End PBXGroup section */

/* Begin PBXNativeTarget section */
		D2D2A176291D43C2001EC7F9 /* PuzzlePic */ = {
			isa = PBXNativeTarget;
			buildConfigurationList = D2D2A18B291D43C3001EC7F9 /* Build configuration list for PBXNativeTarget "PuzzlePic" */;
			buildPhases = (
				D2D2A173291D43C2001EC7F9 /* Sources */,
				D2D2A174291D43C2001EC7F9 /* Frameworks */,
				D2D2A175291D43C2001EC7F9 /* Resources */,
			);
			buildRules = (
			);
			dependencies = (
			);
			name = PuzzlePic;
			packageProductDependencies = (
				D2D2A1A7291D49A8001EC7F9 /* CombineCocoa */,
				D20309FC291F7D9400DF8055 /* FirebaseDynamicLinks */,
				D20309FE291F7D9400DF8055 /* FirebaseFirestore */,
				D2030A00291F7D9400DF8055 /* FirebaseStorage */,
				D2030A03291F7EF800DF8055 /* Lottie */,
			);
			productName = PuzzlePic;
			productReference = D2D2A177291D43C2001EC7F9 /* PuzzlePic.app */;
			productType = "com.apple.product-type.application";
		};
/* End PBXNativeTarget section */

/* Begin PBXProject section */
		D2D2A16F291D43C2001EC7F9 /* Project object */ = {
			isa = PBXProject;
			attributes = {
				BuildIndependentTargetsInParallel = 1;
				LastSwiftUpdateCheck = 1410;
				LastUpgradeCheck = 1410;
				TargetAttributes = {
					D2D2A176291D43C2001EC7F9 = {
						CreatedOnToolsVersion = 14.1;
					};
				};
			};
			buildConfigurationList = D2D2A172291D43C2001EC7F9 /* Build configuration list for PBXProject "PuzzlePic" */;
			compatibilityVersion = "Xcode 14.0";
			developmentRegion = en;
			hasScannedForEncodings = 0;
			knownRegions = (
				en,
				Base,
			);
			mainGroup = D2D2A16E291D43C2001EC7F9;
			packageReferences = (
				D2D2A1A6291D49A8001EC7F9 /* XCRemoteSwiftPackageReference "CombineCocoa" */,
				D20309F6291F7B6100DF8055 /* XCRemoteSwiftPackageReference "lottie-ios" */,
				D20309FB291F7D9400DF8055 /* XCRemoteSwiftPackageReference "firebase-ios-sdk" */,
			);
			productRefGroup = D2D2A178291D43C2001EC7F9 /* Products */;
			projectDirPath = "";
			projectRoot = "";
			targets = (
				D2D2A176291D43C2001EC7F9 /* PuzzlePic */,
			);
		};
/* End PBXProject section */

/* Begin PBXResourcesBuildPhase section */
		D2D2A175291D43C2001EC7F9 /* Resources */ = {
			isa = PBXResourcesBuildPhase;
			buildActionMask = 2147483647;
			files = (
				D2D2A187291D43C3001EC7F9 /* LaunchScreen.storyboard in Resources */,
				D2D2A184291D43C3001EC7F9 /* Assets.xcassets in Resources */,
				D20309F9291F7B8E00DF8055 /* Success_Animation.json in Resources */,
				D20309FA291F7B8E00DF8055 /* Fail_Animation.json in Resources */,
				D2D2A1A5291D4827001EC7F9 /* GoogleService-Info.plist in Resources */,
			);
			runOnlyForDeploymentPostprocessing = 0;
		};
/* End PBXResourcesBuildPhase section */

/* Begin PBXSourcesBuildPhase section */
		D2D2A173291D43C2001EC7F9 /* Sources */ = {
			isa = PBXSourcesBuildPhase;
			buildActionMask = 2147483647;
			files = (
				D2D2A19C291D451B001EC7F9 /* PhotoHistoryViewController.swift in Sources */,
				D2D2A1C6291D6B45001EC7F9 /* NetwokringManager.swift in Sources */,
				D2D016F0291FB47C0071F3DC /* PhotoModelDataManager.swift in Sources */,
				D2D2A1D9291DD9C1001EC7F9 /* Color+Extensions.swift in Sources */,
				D2D2A1AC291D4A5A001EC7F9 /* PhotoRoomModel.swift in Sources */,
				D2D2A17B291D43C2001EC7F9 /* AppDelegate.swift in Sources */,
				D2D016F4291FBAC90071F3DC /* PhotoRoomViewModel.swift in Sources */,
				D2D016FC291FC4EE0071F3DC /* PhotoRoomDataManager.swift in Sources */,
				D2D2A195291D44B4001EC7F9 /* SearchViewController.swift in Sources */,
				D2D2A1D2291D6FEE001EC7F9 /* PhotoCollectionViewCell.swift in Sources */,
				D2D2A1B8291D4BD8001EC7F9 /* SettingViewController.swift in Sources */,
				D2D2A1BA291D4F7A001EC7F9 /* SearchCollectionViewCell.swift in Sources */,
				D2D2A1F3291E72E0001EC7F9 /* Date+Extensions.swift in Sources */,
				D2D2A17D291D43C2001EC7F9 /* SceneDelegate.swift in Sources */,
				D2D2A1F1291E72D7001EC7F9 /* String+Extensions.swift in Sources */,
				D2D2A1ED291E6948001EC7F9 /* Decodable+Extensions.swift in Sources */,
				D2DEF4C3291F6EEC00D6E5B8 /* PasswordViewController.swift in Sources */,
				D2D2A1D4291D7015001EC7F9 /* DynamicLinkManager.swift in Sources */,
				D2D2A1CA291D6E00001EC7F9 /* PhotoGridSelectViewController.swift in Sources */,
				D2D2A1EF291E723E001EC7F9 /* DateFormatter+Extensions.swift in Sources */,
				D2D2A1D0291D6F2F001EC7F9 /* PhotoTemplateCollectionViewCell.swift in Sources */,
				D2D016FE2921372E0071F3DC /* PhotoRoomSearchModel.swift in Sources */,
				D2D2A1AA291D49DC001EC7F9 /* PhotoModel.swift in Sources */,
				D2D2A1E1291E13E3001EC7F9 /* UserDefautlsManager.swift in Sources */,
				D2D2A1C8291D6D41001EC7F9 /* PhotoTemplateSelectViewController.swift in Sources */,
				D2D2A1D6291D71D3001EC7F9 /* PhotoHistoryCollectionViewCell.swift in Sources */,
				D2D2A19A291D44FE001EC7F9 /* PhotoRoomViewController.swift in Sources */,
				D2D2A1DF291E0BD2001EC7F9 /* StorageManager.swift in Sources */,
				D2D2A1EB291E693B001EC7F9 /* Encodable+Extensions.swift in Sources */,
				D2D2A1B0291D4B81001EC7F9 /* PhotoRoomsSearchDataManager.swift in Sources */,
				D2D2A1BC291D5144001EC7F9 /* SearchViewModel.swift in Sources */,
				D2D2A1B2291D4B86001EC7F9 /* NSCacheManager.swift in Sources */,
				D2D2A1F5291E9898001EC7F9 /* PhotoHistoryViewModel.swift in Sources */,
				D2D2A1B6291D4BB7001EC7F9 /* LocalFileManager.swift in Sources */,
			);
			runOnlyForDeploymentPostprocessing = 0;
		};
/* End PBXSourcesBuildPhase section */

/* Begin PBXVariantGroup section */
		D2D2A185291D43C3001EC7F9 /* LaunchScreen.storyboard */ = {
			isa = PBXVariantGroup;
			children = (
				D2D2A186291D43C3001EC7F9 /* Base */,
			);
			name = LaunchScreen.storyboard;
			sourceTree = "<group>";
		};
/* End PBXVariantGroup section */

/* Begin XCBuildConfiguration section */
		D2D2A189291D43C3001EC7F9 /* Debug */ = {
			isa = XCBuildConfiguration;
			buildSettings = {
				ALWAYS_SEARCH_USER_PATHS = NO;
				CLANG_ANALYZER_NONNULL = YES;
				CLANG_ANALYZER_NUMBER_OBJECT_CONVERSION = YES_AGGRESSIVE;
				CLANG_CXX_LANGUAGE_STANDARD = "gnu++20";
				CLANG_ENABLE_MODULES = YES;
				CLANG_ENABLE_OBJC_ARC = YES;
				CLANG_ENABLE_OBJC_WEAK = YES;
				CLANG_WARN_BLOCK_CAPTURE_AUTORELEASING = YES;
				CLANG_WARN_BOOL_CONVERSION = YES;
				CLANG_WARN_COMMA = YES;
				CLANG_WARN_CONSTANT_CONVERSION = YES;
				CLANG_WARN_DEPRECATED_OBJC_IMPLEMENTATIONS = YES;
				CLANG_WARN_DIRECT_OBJC_ISA_USAGE = YES_ERROR;
				CLANG_WARN_DOCUMENTATION_COMMENTS = YES;
				CLANG_WARN_EMPTY_BODY = YES;
				CLANG_WARN_ENUM_CONVERSION = YES;
				CLANG_WARN_INFINITE_RECURSION = YES;
				CLANG_WARN_INT_CONVERSION = YES;
				CLANG_WARN_NON_LITERAL_NULL_CONVERSION = YES;
				CLANG_WARN_OBJC_IMPLICIT_RETAIN_SELF = YES;
				CLANG_WARN_OBJC_LITERAL_CONVERSION = YES;
				CLANG_WARN_OBJC_ROOT_CLASS = YES_ERROR;
				CLANG_WARN_QUOTED_INCLUDE_IN_FRAMEWORK_HEADER = YES;
				CLANG_WARN_RANGE_LOOP_ANALYSIS = YES;
				CLANG_WARN_STRICT_PROTOTYPES = YES;
				CLANG_WARN_SUSPICIOUS_MOVE = YES;
				CLANG_WARN_UNGUARDED_AVAILABILITY = YES_AGGRESSIVE;
				CLANG_WARN_UNREACHABLE_CODE = YES;
				CLANG_WARN__DUPLICATE_METHOD_MATCH = YES;
				COPY_PHASE_STRIP = NO;
				DEBUG_INFORMATION_FORMAT = dwarf;
				ENABLE_STRICT_OBJC_MSGSEND = YES;
				ENABLE_TESTABILITY = YES;
				GCC_C_LANGUAGE_STANDARD = gnu11;
				GCC_DYNAMIC_NO_PIC = NO;
				GCC_NO_COMMON_BLOCKS = YES;
				GCC_OPTIMIZATION_LEVEL = 0;
				GCC_PREPROCESSOR_DEFINITIONS = (
					"DEBUG=1",
					"$(inherited)",
				);
				GCC_WARN_64_TO_32_BIT_CONVERSION = YES;
				GCC_WARN_ABOUT_RETURN_TYPE = YES_ERROR;
				GCC_WARN_UNDECLARED_SELECTOR = YES;
				GCC_WARN_UNINITIALIZED_AUTOS = YES_AGGRESSIVE;
				GCC_WARN_UNUSED_FUNCTION = YES;
				GCC_WARN_UNUSED_VARIABLE = YES;
				IPHONEOS_DEPLOYMENT_TARGET = 16.1;
				MTL_ENABLE_DEBUG_INFO = INCLUDE_SOURCE;
				MTL_FAST_MATH = YES;
				ONLY_ACTIVE_ARCH = YES;
				SDKROOT = iphoneos;
				SWIFT_ACTIVE_COMPILATION_CONDITIONS = DEBUG;
				SWIFT_OPTIMIZATION_LEVEL = "-Onone";
			};
			name = Debug;
		};
		D2D2A18A291D43C3001EC7F9 /* Release */ = {
			isa = XCBuildConfiguration;
			buildSettings = {
				ALWAYS_SEARCH_USER_PATHS = NO;
				CLANG_ANALYZER_NONNULL = YES;
				CLANG_ANALYZER_NUMBER_OBJECT_CONVERSION = YES_AGGRESSIVE;
				CLANG_CXX_LANGUAGE_STANDARD = "gnu++20";
				CLANG_ENABLE_MODULES = YES;
				CLANG_ENABLE_OBJC_ARC = YES;
				CLANG_ENABLE_OBJC_WEAK = YES;
				CLANG_WARN_BLOCK_CAPTURE_AUTORELEASING = YES;
				CLANG_WARN_BOOL_CONVERSION = YES;
				CLANG_WARN_COMMA = YES;
				CLANG_WARN_CONSTANT_CONVERSION = YES;
				CLANG_WARN_DEPRECATED_OBJC_IMPLEMENTATIONS = YES;
				CLANG_WARN_DIRECT_OBJC_ISA_USAGE = YES_ERROR;
				CLANG_WARN_DOCUMENTATION_COMMENTS = YES;
				CLANG_WARN_EMPTY_BODY = YES;
				CLANG_WARN_ENUM_CONVERSION = YES;
				CLANG_WARN_INFINITE_RECURSION = YES;
				CLANG_WARN_INT_CONVERSION = YES;
				CLANG_WARN_NON_LITERAL_NULL_CONVERSION = YES;
				CLANG_WARN_OBJC_IMPLICIT_RETAIN_SELF = YES;
				CLANG_WARN_OBJC_LITERAL_CONVERSION = YES;
				CLANG_WARN_OBJC_ROOT_CLASS = YES_ERROR;
				CLANG_WARN_QUOTED_INCLUDE_IN_FRAMEWORK_HEADER = YES;
				CLANG_WARN_RANGE_LOOP_ANALYSIS = YES;
				CLANG_WARN_STRICT_PROTOTYPES = YES;
				CLANG_WARN_SUSPICIOUS_MOVE = YES;
				CLANG_WARN_UNGUARDED_AVAILABILITY = YES_AGGRESSIVE;
				CLANG_WARN_UNREACHABLE_CODE = YES;
				CLANG_WARN__DUPLICATE_METHOD_MATCH = YES;
				COPY_PHASE_STRIP = NO;
				DEBUG_INFORMATION_FORMAT = "dwarf-with-dsym";
				ENABLE_NS_ASSERTIONS = NO;
				ENABLE_STRICT_OBJC_MSGSEND = YES;
				GCC_C_LANGUAGE_STANDARD = gnu11;
				GCC_NO_COMMON_BLOCKS = YES;
				GCC_WARN_64_TO_32_BIT_CONVERSION = YES;
				GCC_WARN_ABOUT_RETURN_TYPE = YES_ERROR;
				GCC_WARN_UNDECLARED_SELECTOR = YES;
				GCC_WARN_UNINITIALIZED_AUTOS = YES_AGGRESSIVE;
				GCC_WARN_UNUSED_FUNCTION = YES;
				GCC_WARN_UNUSED_VARIABLE = YES;
				IPHONEOS_DEPLOYMENT_TARGET = 16.1;
				MTL_ENABLE_DEBUG_INFO = NO;
				MTL_FAST_MATH = YES;
				SDKROOT = iphoneos;
				SWIFT_COMPILATION_MODE = wholemodule;
				SWIFT_OPTIMIZATION_LEVEL = "-O";
				VALIDATE_PRODUCT = YES;
			};
			name = Release;
		};
		D2D2A18C291D43C3001EC7F9 /* Debug */ = {
			isa = XCBuildConfiguration;
			buildSettings = {
				ASSETCATALOG_COMPILER_APPICON_NAME = AppIcon;
				ASSETCATALOG_COMPILER_GLOBAL_ACCENT_COLOR_NAME = AccentColor;
				CODE_SIGN_STYLE = Automatic;
				CURRENT_PROJECT_VERSION = 1;
				DEVELOPMENT_TEAM = 4JPWGVR2ZN;
				GENERATE_INFOPLIST_FILE = YES;
				INFOPLIST_FILE = PuzzlePic/Info.plist;
				INFOPLIST_KEY_UIApplicationSupportsIndirectInputEvents = YES;
				INFOPLIST_KEY_UILaunchStoryboardName = LaunchScreen;
				INFOPLIST_KEY_UISupportedInterfaceOrientations = UIInterfaceOrientationPortrait;
				INFOPLIST_KEY_UISupportedInterfaceOrientations_iPad = "UIInterfaceOrientationLandscapeLeft UIInterfaceOrientationLandscapeRight UIInterfaceOrientationPortrait UIInterfaceOrientationPortraitUpsideDown";
				LD_RUNPATH_SEARCH_PATHS = (
					"$(inherited)",
					"@executable_path/Frameworks",
				);
				MARKETING_VERSION = 1.0;
				PRODUCT_BUNDLE_IDENTIFIER = com.JunyeongPark.PuzzlePic;
				PRODUCT_NAME = "$(TARGET_NAME)";
				SUPPORTED_PLATFORMS = "iphoneos iphonesimulator";
				SUPPORTS_MACCATALYST = NO;
				SUPPORTS_MAC_DESIGNED_FOR_IPHONE_IPAD = NO;
				SWIFT_EMIT_LOC_STRINGS = YES;
				SWIFT_VERSION = 5.0;
				TARGETED_DEVICE_FAMILY = 1;
			};
			name = Debug;
		};
		D2D2A18D291D43C3001EC7F9 /* Release */ = {
			isa = XCBuildConfiguration;
			buildSettings = {
				ASSETCATALOG_COMPILER_APPICON_NAME = AppIcon;
				ASSETCATALOG_COMPILER_GLOBAL_ACCENT_COLOR_NAME = AccentColor;
				CODE_SIGN_STYLE = Automatic;
				CURRENT_PROJECT_VERSION = 1;
				DEVELOPMENT_TEAM = 4JPWGVR2ZN;
				GENERATE_INFOPLIST_FILE = YES;
				INFOPLIST_FILE = PuzzlePic/Info.plist;
				INFOPLIST_KEY_UIApplicationSupportsIndirectInputEvents = YES;
				INFOPLIST_KEY_UILaunchStoryboardName = LaunchScreen;
				INFOPLIST_KEY_UISupportedInterfaceOrientations = UIInterfaceOrientationPortrait;
				INFOPLIST_KEY_UISupportedInterfaceOrientations_iPad = "UIInterfaceOrientationLandscapeLeft UIInterfaceOrientationLandscapeRight UIInterfaceOrientationPortrait UIInterfaceOrientationPortraitUpsideDown";
				LD_RUNPATH_SEARCH_PATHS = (
					"$(inherited)",
					"@executable_path/Frameworks",
				);
				MARKETING_VERSION = 1.0;
				PRODUCT_BUNDLE_IDENTIFIER = com.JunyeongPark.PuzzlePic;
				PRODUCT_NAME = "$(TARGET_NAME)";
				SUPPORTED_PLATFORMS = "iphoneos iphonesimulator";
				SUPPORTS_MACCATALYST = NO;
				SUPPORTS_MAC_DESIGNED_FOR_IPHONE_IPAD = NO;
				SWIFT_EMIT_LOC_STRINGS = YES;
				SWIFT_VERSION = 5.0;
				TARGETED_DEVICE_FAMILY = 1;
			};
			name = Release;
		};
/* End XCBuildConfiguration section */

/* Begin XCConfigurationList section */
		D2D2A172291D43C2001EC7F9 /* Build configuration list for PBXProject "PuzzlePic" */ = {
			isa = XCConfigurationList;
			buildConfigurations = (
				D2D2A189291D43C3001EC7F9 /* Debug */,
				D2D2A18A291D43C3001EC7F9 /* Release */,
			);
			defaultConfigurationIsVisible = 0;
			defaultConfigurationName = Release;
		};
		D2D2A18B291D43C3001EC7F9 /* Build configuration list for PBXNativeTarget "PuzzlePic" */ = {
			isa = XCConfigurationList;
			buildConfigurations = (
				D2D2A18C291D43C3001EC7F9 /* Debug */,
				D2D2A18D291D43C3001EC7F9 /* Release */,
			);
			defaultConfigurationIsVisible = 0;
			defaultConfigurationName = Release;
		};
/* End XCConfigurationList section */

/* Begin XCRemoteSwiftPackageReference section */
		D20309F6291F7B6100DF8055 /* XCRemoteSwiftPackageReference "lottie-ios" */ = {
			isa = XCRemoteSwiftPackageReference;
			repositoryURL = "https://github.com/airbnb/lottie-ios";
			requirement = {
				kind = upToNextMajorVersion;
				minimumVersion = 3.0.0;
			};
		};
		D20309FB291F7D9400DF8055 /* XCRemoteSwiftPackageReference "firebase-ios-sdk" */ = {
			isa = XCRemoteSwiftPackageReference;
			repositoryURL = "https://github.com/firebase/firebase-ios-sdk#swift-package-manager";
			requirement = {
				kind = upToNextMajorVersion;
				minimumVersion = 9.0.0;
			};
		};
		D2D2A1A6291D49A8001EC7F9 /* XCRemoteSwiftPackageReference "CombineCocoa" */ = {
			isa = XCRemoteSwiftPackageReference;
			repositoryURL = "https://github.com/CombineCommunity/CombineCocoa";
			requirement = {
				kind = upToNextMajorVersion;
				minimumVersion = 0.4.1;
			};
		};
/* End XCRemoteSwiftPackageReference section */

/* Begin XCSwiftPackageProductDependency section */
		D20309FC291F7D9400DF8055 /* FirebaseDynamicLinks */ = {
			isa = XCSwiftPackageProductDependency;
			package = D20309FB291F7D9400DF8055 /* XCRemoteSwiftPackageReference "firebase-ios-sdk" */;
			productName = FirebaseDynamicLinks;
		};
		D20309FE291F7D9400DF8055 /* FirebaseFirestore */ = {
			isa = XCSwiftPackageProductDependency;
			package = D20309FB291F7D9400DF8055 /* XCRemoteSwiftPackageReference "firebase-ios-sdk" */;
			productName = FirebaseFirestore;
		};
		D2030A00291F7D9400DF8055 /* FirebaseStorage */ = {
			isa = XCSwiftPackageProductDependency;
			package = D20309FB291F7D9400DF8055 /* XCRemoteSwiftPackageReference "firebase-ios-sdk" */;
			productName = FirebaseStorage;
		};
		D2030A03291F7EF800DF8055 /* Lottie */ = {
			isa = XCSwiftPackageProductDependency;
			package = D20309F6291F7B6100DF8055 /* XCRemoteSwiftPackageReference "lottie-ios" */;
			productName = Lottie;
		};
		D2D2A1A7291D49A8001EC7F9 /* CombineCocoa */ = {
			isa = XCSwiftPackageProductDependency;
			package = D2D2A1A6291D49A8001EC7F9 /* XCRemoteSwiftPackageReference "CombineCocoa" */;
			productName = CombineCocoa;
		};
/* End XCSwiftPackageProductDependency section */
	};
	rootObject = D2D2A16F291D43C2001EC7F9 /* Project object */;
}
